{
  "name": "gauger",
  "lockfileVersion": 3,
  "requires": true,
  "packages": {
    "": {
      "dependencies": {
        "lucide": "^0.488.0"
      }
    },
    "node_modules/lucide": {
      "version": "0.488.0",
      "resolved": "https://registry.npmjs.org/lucide/-/lucide-0.488.0.tgz",
      "integrity": "sha512-AcCuN/R9ZRDEH+H47azM5RWbhUTi02+OL4QHeY6kP/MGMSislGWtRDNqj/2EJIBp/qMKpuAU1v5BLAVT0BDE/g==",
      "license": "ISC"
    }
  }
}
